
Microsoft Visual Studio Solution File, Format Version 12.00
# Visual Studio Version 16
VisualStudioVersion = 16.0.30503.244
MinimumVisualStudioVersion = 10.0.40219.1
Project("{FAE04EC0-301F-11D3-BF4B-00C04F79EFBC}") = "Trash_Collector", "Trash_Collector\Trash_Collector.csproj", "{3D361B1D-6037-4E04-A42C-CDAFD5B8168A}"
EndProject
Global
	GlobalSection(SolutionConfigurationPlatforms) = preSolution
		Debug|Any CPU = Debug|Any CPU
		Release|Any CPU = Release|Any CPU
	EndGlobalSection
	GlobalSection(ProjectConfigurationPlatforms) = postSolution
		{3D361B1D-6037-4E04-A42C-CDAFD5B8168A}.Debug|Any CPU.ActiveCfg = Debug|Any CPU
		{3D361B1D-6037-4E04-A42C-CDAFD5B8168A}.Debug|Any CPU.Build.0 = Debug|Any CPU
		{3D361B1D-6037-4E04-A42C-CDAFD5B8168A}.Release|Any CPU.ActiveCfg = Release|Any CPU
		{3D361B1D-6037-4E04-A42C-CDAFD5B8168A}.Release|Any CPU.Build.0 = Release|Any CPU
	EndGlobalSection
	GlobalSection(SolutionProperties) = preSolution
		HideSolutionNode = FALSE
	EndGlobalSection
	GlobalSection(ExtensibilityGlobals) = postSolution
		SolutionGuid = {04662321-1A8F-47F4-913C-F58251E06912}
	EndGlobalSection
EndGlobal
